{
  "version": 4,
  "terraform_version": "1.12.2",
  "serial": 74,
  "lineage": "36eb359f-8c55-5104-4347-3e8a619788fc",
  "outputs": {
    "test": {
      "value": [
        {
          "dev1": [
            "ssh -o 'StrictHostKeyChecking=no' ubuntu@158.160.52.104",
            "10.0.1.30"
          ]
        },
        {
          "dev2": [
            "ssh -o 'StrictHostKeyChecking=no' ubuntu@89.169.191.178",
            "10.0.2.24"
          ]
        },
        {
          "prod1": [
            "ssh -o 'StrictHostKeyChecking=no' ubuntu@158.160.35.245",
            "10.0.1.18"
          ]
        }
      ],
      "type": [
        "tuple",
        [
          [
            "object",
            {
              "dev1": [
                "tuple",
                [
                  "string",
                  "string"
                ]
              ]
            }
          ],
          [
            "object",
            {
              "dev2": [
                "tuple",
                [
                  "string",
                  "string"
                ]
              ]
            }
          ],
          [
            "object",
            {
              "prod1": [
                "tuple",
                [
                  "string",
                  "string"
                ]
              ]
            }
          ]
        ]
      ]
    }
  },
  "resources": [
    {
      "mode": "data",
      "type": "yandex_compute_image",
      "name": "ubuntu-2204-lts",
      "provider": "provider[\"registry.terraform.io/yandex-cloud/yandex\"]",
      "instances": [
        {
          "schema_version": 0,
          "attributes": {
            "created_at": "2025-08-18T11:06:56Z",
            "description": "Ubuntu 22.04 lts v20250808030218",
            "family": "ubuntu-2204-lts",
            "folder_id": "standard-images",
            "id": "fd859qni7kigm2cmba8u",
            "image_id": "fd859qni7kigm2cmba8u",
            "labels": {
              "version": "20250808030218"
            },
            "min_disk_size": 8,
            "name": "ubuntu-22-04-lts-v20250818",
            "os_type": "linux",
            "pooled": true,
            "product_ids": [
              "f2eh9gsvkfft7armfu3i"
            ],
            "size": 2,
            "status": "ready"
          },
          "sensitive_attributes": [],
          "identity_schema_version": 0
        }
      ]
    },
    {
      "mode": "managed",
      "type": "yandex_compute_instance",
      "name": "example-a",
      "provider": "provider[\"registry.terraform.io/yandex-cloud/yandex\"]",
      "instances": [
        {
          "schema_version": 1,
          "attributes": {
            "allow_recreate": null,
            "allow_stopping_for_update": null,
            "boot_disk": [
              {
                "auto_delete": true,
                "device_name": "fhmhmrg11t7n5ncn875n",
                "disk_id": "fhmhmrg11t7n5ncn875n",
                "initialize_params": [
                  {
                    "block_size": 4096,
                    "description": "",
                    "image_id": "fd859qni7kigm2cmba8u",
                    "name": "",
                    "size": 10,
                    "snapshot_id": "",
                    "type": "network-hdd"
                  }
                ],
                "mode": "READ_WRITE"
              }
            ],
            "created_at": "2025-08-20T14:35:29Z",
            "description": "",
            "filesystem": [],
            "folder_id": "b1g7j9h6bjkteg3c776l",
            "fqdn": "netology-develop-platform-web-a.ru-central1.internal",
            "gpu_cluster_id": "",
            "hostname": "netology-develop-platform-web-a",
            "id": "fhmk1cvtgh4uhp2p4qh2",
            "labels": null,
            "local_disk": [],
            "maintenance_grace_period": "",
            "maintenance_policy": null,
            "metadata": {
              "serial-port-enable": "1",
              "ssh-keys": "ubuntu:ssh-ed25519 AAAAC3NzaC1lZDI1NTE5AAAAIJpYbwJI0AnKlZhwxWipXErfFk1LDxmXMpMIgoscd4r2 webinar"
            },
            "metadata_options": [
              {
                "aws_v1_http_endpoint": 1,
                "aws_v1_http_token": 2,
                "gce_http_endpoint": 1,
                "gce_http_token": 1
              }
            ],
            "name": "netology-develop-platform-web-a",
            "network_acceleration_type": "standard",
            "network_interface": [
              {
                "dns_record": [],
                "index": 0,
                "ip_address": "10.0.1.30",
                "ipv4": true,
                "ipv6": false,
                "ipv6_address": "",
                "ipv6_dns_record": [],
                "mac_address": "d0:0d:14:0b:3f:d8",
                "nat": true,
                "nat_dns_record": [],
                "nat_ip_address": "158.160.52.104",
                "nat_ip_version": "IPV4",
                "security_group_ids": [],
                "subnet_id": "e9bfs904saosjllnn72m"
              }
            ],
            "placement_policy": [
              {
                "host_affinity_rules": [],
                "placement_group_id": "",
                "placement_group_partition": 0
              }
            ],
            "platform_id": "standard-v3",
            "resources": [
              {
                "core_fraction": 20,
                "cores": 2,
                "gpus": 0,
                "memory": 1
              }
            ],
            "scheduling_policy": [
              {
                "preemptible": true
              }
            ],
            "secondary_disk": [],
            "service_account_id": "",
            "status": "running",
            "timeouts": null,
            "zone": "ru-central1-a"
          },
          "sensitive_attributes": [],
          "identity_schema_version": 0,
          "private": "eyJlMmJmYjczMC1lY2FhLTExZTYtOGY4OC0zNDM2M2JjN2M0YzAiOnsiY3JlYXRlIjozMDAwMDAwMDAwMDAsImRlbGV0ZSI6MzAwMDAwMDAwMDAwLCJ1cGRhdGUiOjMwMDAwMDAwMDAwMH0sInNjaGVtYV92ZXJzaW9uIjoiMSJ9",
          "dependencies": [
            "data.yandex_compute_image.ubuntu-2204-lts",
            "yandex_vpc_network.develop",
            "yandex_vpc_subnet.develop-a"
          ]
        }
      ]
    },
    {
      "mode": "managed",
      "type": "yandex_compute_instance",
      "name": "example-b",
      "provider": "provider[\"registry.terraform.io/yandex-cloud/yandex\"]",
      "instances": [
        {
          "schema_version": 1,
          "attributes": {
            "allow_recreate": null,
            "allow_stopping_for_update": null,
            "boot_disk": [
              {
                "auto_delete": true,
                "device_name": "epdi3fk2i0o40gcsv3p7",
                "disk_id": "epdi3fk2i0o40gcsv3p7",
                "initialize_params": [
                  {
                    "block_size": 4096,
                    "description": "",
                    "image_id": "fd859qni7kigm2cmba8u",
                    "name": "",
                    "size": 10,
                    "snapshot_id": "",
                    "type": "network-hdd"
                  }
                ],
                "mode": "READ_WRITE"
              }
            ],
            "created_at": "2025-08-20T14:35:30Z",
            "description": "",
            "filesystem": [],
            "folder_id": "b1g7j9h6bjkteg3c776l",
            "fqdn": "epd6fd4bfbk2ms3kcmq1.auto.internal",
            "gpu_cluster_id": "",
            "hostname": "",
            "id": "epd6fd4bfbk2ms3kcmq1",
            "labels": null,
            "local_disk": [],
            "maintenance_grace_period": "",
            "maintenance_policy": null,
            "metadata": {
              "serial-port-enable": "1",
              "ssh-keys": "ubuntu:ssh-ed25519 AAAAC3NzaC1lZDI1NTE5AAAAIJpYbwJI0AnKlZhwxWipXErfFk1LDxmXMpMIgoscd4r2 webinar"
            },
            "metadata_options": [
              {
                "aws_v1_http_endpoint": 1,
                "aws_v1_http_token": 2,
                "gce_http_endpoint": 1,
                "gce_http_token": 1
              }
            ],
            "name": "netology-develop-platform-web-b",
            "network_acceleration_type": "standard",
            "network_interface": [
              {
                "dns_record": [],
                "index": 0,
                "ip_address": "10.0.2.24",
                "ipv4": true,
                "ipv6": false,
                "ipv6_address": "",
                "ipv6_dns_record": [],
                "mac_address": "d0:0d:67:b4:8b:7a",
                "nat": true,
                "nat_dns_record": [],
                "nat_ip_address": "89.169.191.178",
                "nat_ip_version": "IPV4",
                "security_group_ids": [],
                "subnet_id": "e2lpmapsd9q1b3gsg5la"
              }
            ],
            "placement_policy": [
              {
                "host_affinity_rules": [],
                "placement_group_id": "",
                "placement_group_partition": 0
              }
            ],
            "platform_id": "standard-v3",
            "resources": [
              {
                "core_fraction": 20,
                "cores": 2,
                "gpus": 0,
                "memory": 1
              }
            ],
            "scheduling_policy": [
              {
                "preemptible": true
              }
            ],
            "secondary_disk": [],
            "service_account_id": "",
            "status": "running",
            "timeouts": null,
            "zone": "ru-central1-b"
          },
          "sensitive_attributes": [],
          "identity_schema_version": 0,
          "private": "eyJlMmJmYjczMC1lY2FhLTExZTYtOGY4OC0zNDM2M2JjN2M0YzAiOnsiY3JlYXRlIjozMDAwMDAwMDAwMDAsImRlbGV0ZSI6MzAwMDAwMDAwMDAwLCJ1cGRhdGUiOjMwMDAwMDAwMDAwMH0sInNjaGVtYV92ZXJzaW9uIjoiMSJ9",
          "dependencies": [
            "data.yandex_compute_image.ubuntu-2204-lts",
            "yandex_vpc_network.develop",
            "yandex_vpc_subnet.develop-b"
          ]
        }
      ]
    },
    {
      "mode": "managed",
      "type": "yandex_compute_instance",
      "name": "prod-example-a",
      "provider": "provider[\"registry.terraform.io/yandex-cloud/yandex\"]",
      "instances": [
        {
          "schema_version": 1,
          "attributes": {
            "allow_recreate": null,
            "allow_stopping_for_update": null,
            "boot_disk": [
              {
                "auto_delete": true,
                "device_name": "fhmf7ms3bn5b16aclrnq",
                "disk_id": "fhmf7ms3bn5b16aclrnq",
                "initialize_params": [
                  {
                    "block_size": 4096,
                    "description": "",
                    "image_id": "fd859qni7kigm2cmba8u",
                    "name": "",
                    "size": 10,
                    "snapshot_id": "",
                    "type": "network-hdd"
                  }
                ],
                "mode": "READ_WRITE"
              }
            ],
            "created_at": "2025-08-20T14:35:31Z",
            "description": "",
            "filesystem": [],
            "folder_id": "b1g7j9h6bjkteg3c776l",
            "fqdn": "fhm3g5pe7s8j440iq01g.auto.internal",
            "gpu_cluster_id": "",
            "hostname": "",
            "id": "fhm3g5pe7s8j440iq01g",
            "labels": null,
            "local_disk": [],
            "maintenance_grace_period": "",
            "maintenance_policy": null,
            "metadata": {
              "serial-port-enable": "1",
              "ssh-keys": "ubuntu:ssh-ed25519 AAAAC3NzaC1lZDI1NTE5AAAAIJpYbwJI0AnKlZhwxWipXErfFk1LDxmXMpMIgoscd4r2 webinar"
            },
            "metadata_options": [
              {
                "aws_v1_http_endpoint": 1,
                "aws_v1_http_token": 2,
                "gce_http_endpoint": 1,
                "gce_http_token": 1
              }
            ],
            "name": "netology-prod-platform-web-a",
            "network_acceleration_type": "standard",
            "network_interface": [
              {
                "dns_record": [],
                "index": 0,
                "ip_address": "10.0.1.18",
                "ipv4": true,
                "ipv6": false,
                "ipv6_address": "",
                "ipv6_dns_record": [],
                "mac_address": "d0:0d:38:17:2e:3f",
                "nat": true,
                "nat_dns_record": [],
                "nat_ip_address": "158.160.35.245",
                "nat_ip_version": "IPV4",
                "security_group_ids": [],
                "subnet_id": "e9bm2mj1tdjiplepddt7"
              }
            ],
            "placement_policy": [
              {
                "host_affinity_rules": [],
                "placement_group_id": "",
                "placement_group_partition": 0
              }
            ],
            "platform_id": "standard-v3",
            "resources": [
              {
                "core_fraction": 20,
                "cores": 2,
                "gpus": 0,
                "memory": 1
              }
            ],
            "scheduling_policy": [
              {
                "preemptible": true
              }
            ],
            "secondary_disk": [],
            "service_account_id": "",
            "status": "running",
            "timeouts": null,
            "zone": "ru-central1-a"
          },
          "sensitive_attributes": [],
          "identity_schema_version": 0,
          "private": "eyJlMmJmYjczMC1lY2FhLTExZTYtOGY4OC0zNDM2M2JjN2M0YzAiOnsiY3JlYXRlIjozMDAwMDAwMDAwMDAsImRlbGV0ZSI6MzAwMDAwMDAwMDAwLCJ1cGRhdGUiOjMwMDAwMDAwMDAwMH0sInNjaGVtYV92ZXJzaW9uIjoiMSJ9",
          "dependencies": [
            "data.yandex_compute_image.ubuntu-2204-lts",
            "yandex_vpc_network.prod",
            "yandex_vpc_subnet.prod-a"
          ]
        }
      ]
    },
    {
      "mode": "managed",
      "type": "yandex_vpc_network",
      "name": "develop",
      "provider": "provider[\"registry.terraform.io/yandex-cloud/yandex\"]",
      "instances": [
        {
          "schema_version": 0,
          "attributes": {
            "created_at": "2025-08-20T14:35:25Z",
            "default_security_group_id": "enp6pdt10d5ada7e5ihr",
            "description": "",
            "folder_id": "b1g7j9h6bjkteg3c776l",
            "id": "enpba69ea2lbhbe039ee",
            "labels": {},
            "name": "develop",
            "subnet_ids": [],
            "timeouts": null
          },
          "sensitive_attributes": [],
          "identity_schema_version": 0,
          "private": "eyJlMmJmYjczMC1lY2FhLTExZTYtOGY4OC0zNDM2M2JjN2M0YzAiOnsiY3JlYXRlIjo2MDAwMDAwMDAwMCwiZGVsZXRlIjo2MDAwMDAwMDAwMCwidXBkYXRlIjo2MDAwMDAwMDAwMH19"
        }
      ]
    },
    {
      "mode": "managed",
      "type": "yandex_vpc_network",
      "name": "prod",
      "provider": "provider[\"registry.terraform.io/yandex-cloud/yandex\"]",
      "instances": [
        {
          "schema_version": 0,
          "attributes": {
            "created_at": "2025-08-20T14:35:27Z",
            "default_security_group_id": "enpf5rlphbv2v3kok053",
            "description": "",
            "folder_id": "b1g7j9h6bjkteg3c776l",
            "id": "enp6c2d35fomlfjtdiqh",
            "labels": {},
            "name": "prod",
            "subnet_ids": [],
            "timeouts": null
          },
          "sensitive_attributes": [],
          "identity_schema_version": 0,
          "private": "eyJlMmJmYjczMC1lY2FhLTExZTYtOGY4OC0zNDM2M2JjN2M0YzAiOnsiY3JlYXRlIjo2MDAwMDAwMDAwMCwiZGVsZXRlIjo2MDAwMDAwMDAwMCwidXBkYXRlIjo2MDAwMDAwMDAwMH19"
        }
      ]
    },
    {
      "mode": "managed",
      "type": "yandex_vpc_subnet",
      "name": "develop-a",
      "provider": "provider[\"registry.terraform.io/yandex-cloud/yandex\"]",
      "instances": [
        {
          "schema_version": 0,
          "attributes": {
            "created_at": "2025-08-20T14:35:27Z",
            "description": "",
            "dhcp_options": [],
            "folder_id": "b1g7j9h6bjkteg3c776l",
            "id": "e9bfs904saosjllnn72m",
            "labels": {},
            "name": "develop-ru-central1-a",
            "network_id": "enpba69ea2lbhbe039ee",
            "route_table_id": "",
            "timeouts": null,
            "v4_cidr_blocks": [
              "10.0.1.0/24"
            ],
            "v6_cidr_blocks": [],
            "zone": "ru-central1-a"
          },
          "sensitive_attributes": [],
          "identity_schema_version": 0,
          "private": "eyJlMmJmYjczMC1lY2FhLTExZTYtOGY4OC0zNDM2M2JjN2M0YzAiOnsiY3JlYXRlIjoxODAwMDAwMDAwMDAsImRlbGV0ZSI6MTgwMDAwMDAwMDAwLCJ1cGRhdGUiOjE4MDAwMDAwMDAwMH19",
          "dependencies": [
            "yandex_vpc_network.develop"
          ]
        }
      ]
    },
    {
      "mode": "managed",
      "type": "yandex_vpc_subnet",
      "name": "develop-b",
      "provider": "provider[\"registry.terraform.io/yandex-cloud/yandex\"]",
      "instances": [
        {
          "schema_version": 0,
          "attributes": {
            "created_at": "2025-08-20T14:35:28Z",
            "description": "",
            "dhcp_options": [],
            "folder_id": "b1g7j9h6bjkteg3c776l",
            "id": "e2lpmapsd9q1b3gsg5la",
            "labels": {},
            "name": "develop-ru-central1-b",
            "network_id": "enpba69ea2lbhbe039ee",
            "route_table_id": "",
            "timeouts": null,
            "v4_cidr_blocks": [
              "10.0.2.0/24"
            ],
            "v6_cidr_blocks": [],
            "zone": "ru-central1-b"
          },
          "sensitive_attributes": [],
          "identity_schema_version": 0,
          "private": "eyJlMmJmYjczMC1lY2FhLTExZTYtOGY4OC0zNDM2M2JjN2M0YzAiOnsiY3JlYXRlIjoxODAwMDAwMDAwMDAsImRlbGV0ZSI6MTgwMDAwMDAwMDAwLCJ1cGRhdGUiOjE4MDAwMDAwMDAwMH19",
          "dependencies": [
            "yandex_vpc_network.develop"
          ]
        }
      ]
    },
    {
      "mode": "managed",
      "type": "yandex_vpc_subnet",
      "name": "prod-a",
      "provider": "provider[\"registry.terraform.io/yandex-cloud/yandex\"]",
      "instances": [
        {
          "schema_version": 0,
          "attributes": {
            "created_at": "2025-08-20T14:35:30Z",
            "description": "",
            "dhcp_options": [],
            "folder_id": "b1g7j9h6bjkteg3c776l",
            "id": "e9bm2mj1tdjiplepddt7",
            "labels": {},
            "name": "prod-ru-central1-a",
            "network_id": "enp6c2d35fomlfjtdiqh",
            "route_table_id": "",
            "timeouts": null,
            "v4_cidr_blocks": [
              "10.0.1.0/24"
            ],
            "v6_cidr_blocks": [],
            "zone": "ru-central1-a"
          },
          "sensitive_attributes": [],
          "identity_schema_version": 0,
          "private": "eyJlMmJmYjczMC1lY2FhLTExZTYtOGY4OC0zNDM2M2JjN2M0YzAiOnsiY3JlYXRlIjoxODAwMDAwMDAwMDAsImRlbGV0ZSI6MTgwMDAwMDAwMDAwLCJ1cGRhdGUiOjE4MDAwMDAwMDAwMH19",
          "dependencies": [
            "yandex_vpc_network.prod"
          ]
        }
      ]
    }
  ],
  "check_results": null
}
